
Microsoft Visual Studio Solution File, Format Version 12.00
# Visual Studio Version 17
VisualStudioVersion = 17.2.32630.192
MinimumVisualStudioVersion = 10.0.40219.1
Project("{2150E333-8FDC-42A3-9474-1A3956D46DE8}") = "src", "src", "{D895F881-8F3F-4C4B-8C85-33264D60D329}"
EndProject
Project("{2150E333-8FDC-42A3-9474-1A3956D46DE8}") = "docker", "docker", "{0F871ABD-EEAE-446C-8B0D-488949D0A674}"
	ProjectSection(SolutionItems) = preProject
		docker\docker_infrastructure.yml = docker\docker_infrastructure.yml
	EndProjectSection
EndProject
Project("{FAE04EC0-301F-11D3-BF4B-00C04F79EFBC}") = "Observability.API", "src\Observability.API\Observability.API.csproj", "{FE628590-E981-4B47-B528-67A9CD18A8B2}"
EndProject
Global
	GlobalSection(SolutionConfigurationPlatforms) = preSolution
		Debug|Any CPU = Debug|Any CPU
		Release|Any CPU = Release|Any CPU
	EndGlobalSection
	GlobalSection(ProjectConfigurationPlatforms) = postSolution
		{FE628590-E981-4B47-B528-67A9CD18A8B2}.Debug|Any CPU.ActiveCfg = Debug|Any CPU
		{FE628590-E981-4B47-B528-67A9CD18A8B2}.Debug|Any CPU.Build.0 = Debug|Any CPU
		{FE628590-E981-4B47-B528-67A9CD18A8B2}.Release|Any CPU.ActiveCfg = Release|Any CPU
		{FE628590-E981-4B47-B528-67A9CD18A8B2}.Release|Any CPU.Build.0 = Release|Any CPU
	EndGlobalSection
	GlobalSection(SolutionProperties) = preSolution
		HideSolutionNode = FALSE
	EndGlobalSection
	GlobalSection(NestedProjects) = preSolution
		{FE628590-E981-4B47-B528-67A9CD18A8B2} = {D895F881-8F3F-4C4B-8C85-33264D60D329}
	EndGlobalSection
	GlobalSection(ExtensibilityGlobals) = postSolution
		SolutionGuid = {80ACE7AB-CAC2-4DA1-9946-13F1F5A7283A}
	EndGlobalSection
EndGlobal
